# generated by rye
# use `rye lock` or `rye sync` to update this lockfile
#
# last locked with the following flags:
#   pre: false
#   features: []
#   all-features: false

-e file:.
absl-py==1.4.0
attrs==23.1.0
cffi==1.15.1
contourpy==1.0.7
cycler==0.11.0
flatbuffers==23.5.26
fonttools==4.39.4
importlib-resources==5.12.0
kiwisolver==1.4.4
matplotlib==3.7.1
mediapipe==0.10.0
numpy==1.24.3
opencv-contrib-python==4.7.0.72
opencv-python==4.7.0.72
opencv-python-headless==4.7.0.72
packaging==23.1
pillow==9.5.0
protobuf==3.20.3
pycparser==2.21
pyparsing==3.0.9
python-dateutil==2.8.2
six==1.16.0
sounddevice==0.4.6
zipp==3.15.0
