# generated by rye
# use `rye lock` or `rye sync` to update this lockfile
#
# last locked with the following flags:
#   pre: false
#   features: []
#   all-features: false

-e file:.
autopep8==2.0.2
cffi==1.15.1
numpy==1.24.3
opencv-python==4.7.0.72
opencv-python-headless==4.7.0.72
pycodestyle==2.10.0
pycparser==2.21
sounddevice==0.4.6
tomli==2.0.1
