# windows で build が通った最後の状態
# 最初に失敗したときの commit https://github.com/shiguredo/sora-python-sdk/commit/92f781695f390c4aca4add318a59f2994ba2d761
-e file:.
auditwheel==5.4.0
build==1.0.3
exceptiongroup==1.2.0
importlib-metadata==7.0.1
iniconfig==2.0.0
nanobind==1.8.0
packaging==23.2
pluggy==1.3.0
pyelftools==0.30
pyproject-hooks==1.0.0
pytest==8.0.0
ruff==0.1.14
tomli==2.0.1
wheel==0.42.0
zipp==3.17.0
# The following packages are considered to be unsafe in a requirements file:
setuptools==69.0.3