version = 1
revision = 3
requires-python = ">=3.12"

[[package]]
name = "anyio"
version = "4.12.1"
source = { registry = "https://pypi.org/simple" }
dependencies = [
    { name = "idna" },
    { name = "typing-extensions", marker = "python_full_version < '3.13'" },
]
sdist = { url = "https://files.pythonhosted.org/packages/96/f0/5eb65b2bb0d09ac6776f2eb54adee6abe8228ea05b20a5ad0e4945de8aac/anyio-4.12.1.tar.gz", hash = "sha256:41cfcc3a4c85d3f05c932da7c26d0201ac36f72abd4435ba90d0464a3ffed703", size = 228685, upload-time = "2026-01-06T11:45:21.246Z" }
wheels = [
    { url = "https://files.pythonhosted.org/packages/38/0e/27be9fdef66e72d64c0cdc3cc2823101b80585f8119b5c112c2e8f5f7dab/anyio-4.12.1-py3-none-any.whl", hash = "sha256:d405828884fc140aa80a3c667b8beed277f1dfedec42ba031bd6ac3db606ab6c", size = 113592, upload-time = "2026-01-06T11:45:19.497Z" },
]

[[package]]
name = "certifi"
version = "2026.2.25"
source = { registry = "https://pypi.org/simple" }
sdist = { url = "https://files.pythonhosted.org/packages/af/2d/7bf41579a8986e348fa033a31cdd0e4121114f6bce2457e8876010b092dd/certifi-2026.2.25.tar.gz", hash = "sha256:e887ab5cee78ea814d3472169153c2d12cd43b14bd03329a39a9c6e2e80bfba7", size = 155029, upload-time = "2026-02-25T02:54:17.342Z" }
wheels = [
    { url = "https://files.pythonhosted.org/packages/9a/3c/c17fb3ca2d9c3acff52e30b309f538586f9f5b9c9cf454f3845fc9af4881/certifi-2026.2.25-py3-none-any.whl", hash = "sha256:027692e4402ad994f1c42e52a4997a9763c646b73e4096e4d5d6db8af1d6f0fa", size = 153684, upload-time = "2026-02-25T02:54:15.766Z" },
]

[[package]]
name = "colorama"
version = "0.4.6"
source = { registry = "https://pypi.org/simple" }
sdist = { url = "https://files.pythonhosted.org/packages/d8/53/6f443c9a4a8358a93a6792e2acffb9d9d5cb0a5cfd8802644b7b1c9a02e4/colorama-0.4.6.tar.gz", hash = "sha256:08695f5cb7ed6e0531a20572697297273c47b8cae5a63ffc6d6ed5c201be6e44", size = 27697, upload-time = "2022-10-25T02:36:22.414Z" }
wheels = [
    { url = "https://files.pythonhosted.org/packages/d1/d6/3965ed04c63042e047cb6a3e6ed1a63a35087b6a609aa3a15ed8ac56c221/colorama-0.4.6-py2.py3-none-any.whl", hash = "sha256:4f1d9991f5acc0ca119f9d443620b77f9d6b33703e51011c16baf57afb285fc6", size = 25335, upload-time = "2022-10-25T02:36:20.889Z" },
]

[[package]]
name = "execnet"
version = "2.1.2"
source = { registry = "https://pypi.org/simple" }
sdist = { url = "https://files.pythonhosted.org/packages/bf/89/780e11f9588d9e7128a3f87788354c7946a9cbb1401ad38a48c4db9a4f07/execnet-2.1.2.tar.gz", hash = "sha256:63d83bfdd9a23e35b9c6a3261412324f964c2ec8dcd8d3c6916ee9373e0befcd", size = 166622, upload-time = "2025-11-12T09:56:37.75Z" }
wheels = [
    { url = "https://files.pythonhosted.org/packages/ab/84/02fc1827e8cdded4aa65baef11296a9bbe595c474f0d6d758af082d849fd/execnet-2.1.2-py3-none-any.whl", hash = "sha256:67fba928dd5a544b783f6056f449e5e3931a5c378b128bc18501f7ea79e296ec", size = 40708, upload-time = "2025-11-12T09:56:36.333Z" },
]

[[package]]
name = "h11"
version = "0.16.0"
source = { registry = "https://pypi.org/simple" }
sdist = { url = "https://files.pythonhosted.org/packages/01/ee/02a2c011bdab74c6fb3c75474d40b3052059d95df7e73351460c8588d963/h11-0.16.0.tar.gz", hash = "sha256:4e35b956cf45792e4caa5885e69fba00bdbc6ffafbfa020300e549b208ee5ff1", size = 101250, upload-time = "2025-04-24T03:35:25.427Z" }
wheels = [
    { url = "https://files.pythonhosted.org/packages/04/4b/29cac41a4d98d144bf5f6d33995617b185d14b22401f75ca86f384e87ff1/h11-0.16.0-py3-none-any.whl", hash = "sha256:63cf8bbe7522de3bf65932fda1d9c2772064ffb3dae62d55932da54b31cb6c86", size = 37515, upload-time = "2025-04-24T03:35:24.344Z" },
]

[[package]]
name = "httpcore"
version = "1.0.9"
source = { registry = "https://pypi.org/simple" }
dependencies = [
    { name = "certifi" },
    { name = "h11" },
]
sdist = { url = "https://files.pythonhosted.org/packages/06/94/82699a10bca87a5556c9c59b5963f2d039dbd239f25bc2a63907a05a14cb/httpcore-1.0.9.tar.gz", hash = "sha256:6e34463af53fd2ab5d807f399a9b45ea31c3dfa2276f15a2c3f00afff6e176e8", size = 85484, upload-time = "2025-04-24T22:06:22.219Z" }
wheels = [
    { url = "https://files.pythonhosted.org/packages/7e/f5/f66802a942d491edb555dd61e3a9961140fd64c90bce1eafd741609d334d/httpcore-1.0.9-py3-none-any.whl", hash = "sha256:2d400746a40668fc9dec9810239072b40b4484b640a8c38fd654a024c7a1bf55", size = 78784, upload-time = "2025-04-24T22:06:20.566Z" },
]

[[package]]
name = "httpx"
version = "0.28.1"
source = { registry = "https://pypi.org/simple" }
dependencies = [
    { name = "anyio" },
    { name = "certifi" },
    { name = "httpcore" },
    { name = "idna" },
]
sdist = { url = "https://files.pythonhosted.org/packages/b1/df/48c586a5fe32a0f01324ee087459e112ebb7224f646c0b5023f5e79e9956/httpx-0.28.1.tar.gz", hash = "sha256:75e98c5f16b0f35b567856f597f06ff2270a374470a5c2392242528e3e3e42fc", size = 141406, upload-time = "2024-12-06T15:37:23.222Z" }
wheels = [
    { url = "https://files.pythonhosted.org/packages/2a/39/e50c7c3a983047577ee07d2a9e53faf5a69493943ec3f6a384bdc792deb2/httpx-0.28.1-py3-none-any.whl", hash = "sha256:d909fcccc110f8c7faf814ca82a9a4d816bc5a6dbfea25d6591d6985b8ba59ad", size = 73517, upload-time = "2024-12-06T15:37:21.509Z" },
]

[[package]]
name = "idna"
version = "3.11"
source = { registry = "https://pypi.org/simple" }
sdist = { url = "https://files.pythonhosted.org/packages/6f/6d/0703ccc57f3a7233505399edb88de3cbd678da106337b9fcde432b65ed60/idna-3.11.tar.gz", hash = "sha256:795dafcc9c04ed0c1fb032c2aa73654d8e8c5023a7df64a53f39190ada629902", size = 194582, upload-time = "2025-10-12T14:55:20.501Z" }
wheels = [
    { url = "https://files.pythonhosted.org/packages/0e/61/66938bbb5fc52dbdf84594873d5b51fb1f7c7794e9c0f5bd885f30bc507b/idna-3.11-py3-none-any.whl", hash = "sha256:771a87f49d9defaf64091e6e6fe9c18d4833f140bd19464795bc32d966ca37ea", size = 71008, upload-time = "2025-10-12T14:55:18.883Z" },
]

[[package]]
name = "iniconfig"
version = "2.3.0"
source = { registry = "https://pypi.org/simple" }
sdist = { url = "https://files.pythonhosted.org/packages/72/34/14ca021ce8e5dfedc35312d08ba8bf51fdd999c576889fc2c24cb97f4f10/iniconfig-2.3.0.tar.gz", hash = "sha256:c76315c77db068650d49c5b56314774a7804df16fee4402c1f19d6d15d8c4730", size = 20503, upload-time = "2025-10-18T21:55:43.219Z" }
wheels = [
    { url = "https://files.pythonhosted.org/packages/cb/b1/3846dd7f199d53cb17f49cba7e651e9ce294d8497c8c150530ed11865bb8/iniconfig-2.3.0-py3-none-any.whl", hash = "sha256:f631c04d2c48c52b84d0d0549c99ff3859c98df65b3101406327ecc7d53fbf12", size = 7484, upload-time = "2025-10-18T21:55:41.639Z" },
]

[[package]]
name = "nanobind"
version = "2.11.0"
source = { registry = "https://pypi.org/simple" }
sdist = { url = "https://files.pythonhosted.org/packages/7c/d6/2d17c0a630fabc05785c0ea57a994bb165b342416bec8e41c96f3fee5add/nanobind-2.11.0.tar.gz", hash = "sha256:6d98d063c61dbbd05a2d903e59be398bfcff9d59c54fbbc9d4488960485d40d0", size = 1001251, upload-time = "2026-01-29T11:24:34.403Z" }
wheels = [
    { url = "https://files.pythonhosted.org/packages/e8/1c/37ae5b9a0d13defd8e27222e4cbfb82e569dbfd12d16ba8c78cab593e56c/nanobind-2.11.0-py3-none-any.whl", hash = "sha256:8097442c3e55d011a67f016ce1d9567ed9e3cdb3ad6749f13a76dbbc2721f0ee", size = 248913, upload-time = "2026-01-29T11:24:32.651Z" },
]

[[package]]
name = "numpy"
version = "2.4.3"
source = { registry = "https://pypi.org/simple" }
sdist = { url = "https://files.pythonhosted.org/packages/10/8b/c265f4823726ab832de836cdd184d0986dcf94480f81e8739692a7ac7af2/numpy-2.4.3.tar.gz", hash = "sha256:483a201202b73495f00dbc83796c6ae63137a9bdade074f7648b3e32613412dd", size = 20727743, upload-time = "2026-03-09T07:58:53.426Z" }
wheels = [
    { url = "https://files.pythonhosted.org/packages/a9/ed/6388632536f9788cea23a3a1b629f25b43eaacd7d7377e5d6bc7b9deb69b/numpy-2.4.3-cp312-cp312-macosx_10_13_x86_64.whl", hash = "sha256:61b0cbabbb6126c8df63b9a3a0c4b1f44ebca5e12ff6997b80fcf267fb3150ef", size = 16669628, upload-time = "2026-03-09T07:56:24.252Z" },
    { url = "https://files.pythonhosted.org/packages/74/1b/ee2abfc68e1ce728b2958b6ba831d65c62e1b13ce3017c13943f8f9b5b2e/numpy-2.4.3-cp312-cp312-macosx_11_0_arm64.whl", hash = "sha256:7395e69ff32526710748f92cd8c9849b361830968ea3e24a676f272653e8983e", size = 14696872, upload-time = "2026-03-09T07:56:26.991Z" },
    { url = "https://files.pythonhosted.org/packages/ba/d1/780400e915ff5638166f11ca9dc2c5815189f3d7cf6f8759a1685e586413/numpy-2.4.3-cp312-cp312-macosx_14_0_arm64.whl", hash = "sha256:abdce0f71dcb4a00e4e77f3faf05e4616ceccfe72ccaa07f47ee79cda3b7b0f4", size = 5203489, upload-time = "2026-03-09T07:56:29.414Z" },
    { url = "https://files.pythonhosted.org/packages/0b/bb/baffa907e9da4cc34a6e556d6d90e032f6d7a75ea47968ea92b4858826c4/numpy-2.4.3-cp312-cp312-macosx_14_0_x86_64.whl", hash = "sha256:48da3a4ee1336454b07497ff7ec83903efa5505792c4e6d9bf83d99dc07a1e18", size = 6550814, upload-time = "2026-03-09T07:56:32.225Z" },
    { url = "https://files.pythonhosted.org/packages/7b/12/8c9f0c6c95f76aeb20fc4a699c33e9f827fa0d0f857747c73bb7b17af945/numpy-2.4.3-cp312-cp312-manylinux_2_27_aarch64.manylinux_2_28_aarch64.whl", hash = "sha256:32e3bef222ad6b052280311d1d60db8e259e4947052c3ae7dd6817451fc8a4c5", size = 15666601, upload-time = "2026-03-09T07:56:34.461Z" },
    { url = "https://files.pythonhosted.org/packages/bd/79/cc665495e4d57d0aa6fbcc0aa57aa82671dfc78fbf95fe733ed86d98f52a/numpy-2.4.3-cp312-cp312-manylinux_2_27_x86_64.manylinux_2_28_x86_64.whl", hash = "sha256:e7dd01a46700b1967487141a66ac1a3cf0dd8ebf1f08db37d46389401512ca97", size = 16621358, upload-time = "2026-03-09T07:56:36.852Z" },
    { url = "https://files.pythonhosted.org/packages/a8/40/b4ecb7224af1065c3539f5ecfff879d090de09608ad1008f02c05c770cb3/numpy-2.4.3-cp312-cp312-musllinux_1_2_aarch64.whl", hash = "sha256:76f0f283506c28b12bba319c0fab98217e9f9b54e6160e9c79e9f7348ba32e9c", size = 17016135, upload-time = "2026-03-09T07:56:39.337Z" },
    { url = "https://files.pythonhosted.org/packages/f7/b1/6a88e888052eed951afed7a142dcdf3b149a030ca59b4c71eef085858e43/numpy-2.4.3-cp312-cp312-musllinux_1_2_x86_64.whl", hash = "sha256:737f630a337364665aba3b5a77e56a68cc42d350edd010c345d65a3efa3addcc", size = 18345816, upload-time = "2026-03-09T07:56:42.31Z" },
    { url = "https://files.pythonhosted.org/packages/f3/8f/103a60c5f8c3d7fc678c19cd7b2476110da689ccb80bc18050efbaeae183/numpy-2.4.3-cp312-cp312-win32.whl", hash = "sha256:26952e18d82a1dbbc2f008d402021baa8d6fc8e84347a2072a25e08b46d698b9", size = 5960132, upload-time = "2026-03-09T07:56:44.851Z" },
    { url = "https://files.pythonhosted.org/packages/d7/7c/f5ee1bf6ed888494978046a809df2882aad35d414b622893322df7286879/numpy-2.4.3-cp312-cp312-win_amd64.whl", hash = "sha256:65f3c2455188f09678355f5cae1f959a06b778bc66d535da07bf2ef20cd319d5", size = 12316144, upload-time = "2026-03-09T07:56:47.057Z" },
    { url = "https://files.pythonhosted.org/packages/71/46/8d1cb3f7a00f2fb6394140e7e6623696e54c6318a9d9691bb4904672cf42/numpy-2.4.3-cp312-cp312-win_arm64.whl", hash = "sha256:2abad5c7fef172b3377502bde47892439bae394a71bc329f31df0fd829b41a9e", size = 10220364, upload-time = "2026-03-09T07:56:49.849Z" },
    { url = "https://files.pythonhosted.org/packages/b6/d0/1fe47a98ce0df229238b77611340aff92d52691bcbc10583303181abf7fc/numpy-2.4.3-cp313-cp313-macosx_10_13_x86_64.whl", hash = "sha256:b346845443716c8e542d54112966383b448f4a3ba5c66409771b8c0889485dd3", size = 16665297, upload-time = "2026-03-09T07:56:52.296Z" },
    { url = "https://files.pythonhosted.org/packages/27/d9/4e7c3f0e68dfa91f21c6fb6cf839bc829ec920688b1ce7ec722b1a6202fb/numpy-2.4.3-cp313-cp313-macosx_11_0_arm64.whl", hash = "sha256:2629289168f4897a3c4e23dc98d6f1731f0fc0fe52fb9db19f974041e4cc12b9", size = 14691853, upload-time = "2026-03-09T07:56:54.992Z" },
    { url = "https://files.pythonhosted.org/packages/3a/66/bd096b13a87549683812b53ab211e6d413497f84e794fb3c39191948da97/numpy-2.4.3-cp313-cp313-macosx_14_0_arm64.whl", hash = "sha256:bb2e3cf95854233799013779216c57e153c1ee67a0bf92138acca0e429aefaee", size = 5198435, upload-time = "2026-03-09T07:56:57.184Z" },
    { url = "https://files.pythonhosted.org/packages/a2/2f/687722910b5a5601de2135c891108f51dfc873d8e43c8ed9f4ebb440b4a2/numpy-2.4.3-cp313-cp313-macosx_14_0_x86_64.whl", hash = "sha256:7f3408ff897f8ab07a07fbe2823d7aee6ff644c097cc1f90382511fe982f647f", size = 6546347, upload-time = "2026-03-09T07:56:59.531Z" },
    { url = "https://files.pythonhosted.org/packages/bf/ec/7971c4e98d86c564750393fab8d7d83d0a9432a9d78bb8a163a6dc59967a/numpy-2.4.3-cp313-cp313-manylinux_2_27_aarch64.manylinux_2_28_aarch64.whl", hash = "sha256:decb0eb8a53c3b009b0962378065589685d66b23467ef5dac16cbe818afde27f", size = 15664626, upload-time = "2026-03-09T07:57:01.385Z" },
    { url = "https://files.pythonhosted.org/packages/7e/eb/7daecbea84ec935b7fc732e18f532073064a3816f0932a40a17f3349185f/numpy-2.4.3-cp313-cp313-manylinux_2_27_x86_64.manylinux_2_28_x86_64.whl", hash = "sha256:d5f51900414fc9204a0e0da158ba2ac52b75656e7dce7e77fb9f84bfa343b4cc", size = 16608916, upload-time = "2026-03-09T07:57:04.008Z" },
    { url = "https://files.pythonhosted.org/packages/df/58/2a2b4a817ffd7472dca4421d9f0776898b364154e30c95f42195041dc03b/numpy-2.4.3-cp313-cp313-musllinux_1_2_aarch64.whl", hash = "sha256:6bd06731541f89cdc01b261ba2c9e037f1543df7472517836b78dfb15bd6e476", size = 17015824, upload-time = "2026-03-09T07:57:06.347Z" },
    { url = "https://files.pythonhosted.org/packages/4a/ca/627a828d44e78a418c55f82dd4caea8ea4a8ef24e5144d9e71016e52fb40/numpy-2.4.3-cp313-cp313-musllinux_1_2_x86_64.whl", hash = "sha256:22654fe6be0e5206f553a9250762c653d3698e46686eee53b399ab90da59bd92", size = 18334581, upload-time = "2026-03-09T07:57:09.114Z" },
    { url = "https://files.pythonhosted.org/packages/cd/c0/76f93962fc79955fcba30a429b62304332345f22d4daec1cb33653425643/numpy-2.4.3-cp313-cp313-win32.whl", hash = "sha256:d71e379452a2f670ccb689ec801b1218cd3983e253105d6e83780967e899d687", size = 5958618, upload-time = "2026-03-09T07:57:11.432Z" },
    { url = "https://files.pythonhosted.org/packages/b1/3c/88af0040119209b9b5cb59485fa48b76f372c73068dbf9254784b975ac53/numpy-2.4.3-cp313-cp313-win_amd64.whl", hash = "sha256:0a60e17a14d640f49146cb38e3f105f571318db7826d9b6fef7e4dce758faecd", size = 12312824, upload-time = "2026-03-09T07:57:13.586Z" },
    { url = "https://files.pythonhosted.org/packages/58/ce/3d07743aced3d173f877c3ef6a454c2174ba42b584ab0b7e6d99374f51ed/numpy-2.4.3-cp313-cp313-win_arm64.whl", hash = "sha256:c9619741e9da2059cd9c3f206110b97583c7152c1dc9f8aafd4beb450ac1c89d", size = 10221218, upload-time = "2026-03-09T07:57:16.183Z" },
    { url = "https://files.pythonhosted.org/packages/62/09/d96b02a91d09e9d97862f4fc8bfebf5400f567d8eb1fe4b0cc4795679c15/numpy-2.4.3-cp313-cp313t-macosx_11_0_arm64.whl", hash = "sha256:7aa4e54f6469300ebca1d9eb80acd5253cdfa36f2c03d79a35883687da430875", size = 14819570, upload-time = "2026-03-09T07:57:18.564Z" },
    { url = "https://files.pythonhosted.org/packages/b5/ca/0b1aba3905fdfa3373d523b2b15b19029f4f3031c87f4066bd9d20ef6c6b/numpy-2.4.3-cp313-cp313t-macosx_14_0_arm64.whl", hash = "sha256:d1b90d840b25874cf5cd20c219af10bac3667db3876d9a495609273ebe679070", size = 5326113, upload-time = "2026-03-09T07:57:21.052Z" },
    { url = "https://files.pythonhosted.org/packages/c0/63/406e0fd32fcaeb94180fd6a4c41e55736d676c54346b7efbce548b94a914/numpy-2.4.3-cp313-cp313t-macosx_14_0_x86_64.whl", hash = "sha256:a749547700de0a20a6718293396ec237bb38218049cfce788e08fcb716e8cf73", size = 6646370, upload-time = "2026-03-09T07:57:22.804Z" },
    { url = "https://files.pythonhosted.org/packages/b6/d0/10f7dc157d4b37af92720a196be6f54f889e90dcd30dce9dc657ed92c257/numpy-2.4.3-cp313-cp313t-manylinux_2_27_aarch64.manylinux_2_28_aarch64.whl", hash = "sha256:94f3c4a151a2e529adf49c1d54f0f57ff8f9b233ee4d44af623a81553ab86368", size = 15723499, upload-time = "2026-03-09T07:57:24.693Z" },
    { url = "https://files.pythonhosted.org/packages/66/f1/d1c2bf1161396629701bc284d958dc1efa3a5a542aab83cf11ee6eb4cba5/numpy-2.4.3-cp313-cp313t-manylinux_2_27_x86_64.manylinux_2_28_x86_64.whl", hash = "sha256:22c31dc07025123aedf7f2db9e91783df13f1776dc52c6b22c620870dc0fab22", size = 16657164, upload-time = "2026-03-09T07:57:27.676Z" },
    { url = "https://files.pythonhosted.org/packages/1a/be/cca19230b740af199ac47331a21c71e7a3d0ba59661350483c1600d28c37/numpy-2.4.3-cp313-cp313t-musllinux_1_2_aarch64.whl", hash = "sha256:148d59127ac95979d6f07e4d460f934ebdd6eed641db9c0db6c73026f2b2101a", size = 17081544, upload-time = "2026-03-09T07:57:30.664Z" },
    { url = "https://files.pythonhosted.org/packages/b9/c5/9602b0cbb703a0936fb40f8a95407e8171935b15846de2f0776e08af04c7/numpy-2.4.3-cp313-cp313t-musllinux_1_2_x86_64.whl", hash = "sha256:a97cbf7e905c435865c2d939af3d93f99d18eaaa3cabe4256f4304fb51604349", size = 18380290, upload-time = "2026-03-09T07:57:33.763Z" },
    { url = "https://files.pythonhosted.org/packages/ed/81/9f24708953cd30be9ee36ec4778f4b112b45165812f2ada4cc5ea1c1f254/numpy-2.4.3-cp313-cp313t-win32.whl", hash = "sha256:be3b8487d725a77acccc9924f65fd8bce9af7fac8c9820df1049424a2115af6c", size = 6082814, upload-time = "2026-03-09T07:57:36.491Z" },
    { url = "https://files.pythonhosted.org/packages/e2/9e/52f6eaa13e1a799f0ab79066c17f7016a4a8ae0c1aefa58c82b4dab690b4/numpy-2.4.3-cp313-cp313t-win_amd64.whl", hash = "sha256:1ec84fd7c8e652b0f4aaaf2e6e9cc8eaa9b1b80a537e06b2e3a2fb176eedcb26", size = 12452673, upload-time = "2026-03-09T07:57:38.281Z" },
    { url = "https://files.pythonhosted.org/packages/c4/04/b8cece6ead0b30c9fbd99bb835ad7ea0112ac5f39f069788c5558e3b1ab2/numpy-2.4.3-cp313-cp313t-win_arm64.whl", hash = "sha256:120df8c0a81ebbf5b9020c91439fccd85f5e018a927a39f624845be194a2be02", size = 10290907, upload-time = "2026-03-09T07:57:40.747Z" },
    { url = "https://files.pythonhosted.org/packages/70/ae/3936f79adebf8caf81bd7a599b90a561334a658be4dcc7b6329ebf4ee8de/numpy-2.4.3-cp314-cp314-macosx_10_15_x86_64.whl", hash = "sha256:5884ce5c7acfae1e4e1b6fde43797d10aa506074d25b531b4f54bde33c0c31d4", size = 16664563, upload-time = "2026-03-09T07:57:43.817Z" },
    { url = "https://files.pythonhosted.org/packages/9b/62/760f2b55866b496bb1fa7da2a6db076bef908110e568b02fcfc1422e2a3a/numpy-2.4.3-cp314-cp314-macosx_11_0_arm64.whl", hash = "sha256:297837823f5bc572c5f9379b0c9f3a3365f08492cbdc33bcc3af174372ebb168", size = 14702161, upload-time = "2026-03-09T07:57:46.169Z" },
    { url = "https://files.pythonhosted.org/packages/32/af/a7a39464e2c0a21526fb4fb76e346fb172ebc92f6d1c7a07c2c139cc17b1/numpy-2.4.3-cp314-cp314-macosx_14_0_arm64.whl", hash = "sha256:a111698b4a3f8dcbe54c64a7708f049355abd603e619013c346553c1fd4ca90b", size = 5208738, upload-time = "2026-03-09T07:57:48.506Z" },
    { url = "https://files.pythonhosted.org/packages/29/8c/2a0cf86a59558fa078d83805589c2de490f29ed4fb336c14313a161d358a/numpy-2.4.3-cp314-cp314-macosx_14_0_x86_64.whl", hash = "sha256:4bd4741a6a676770e0e97fe9ab2e51de01183df3dcbcec591d26d331a40de950", size = 6543618, upload-time = "2026-03-09T07:57:50.591Z" },
    { url = "https://files.pythonhosted.org/packages/aa/b8/612ce010c0728b1c363fa4ea3aa4c22fe1c5da1de008486f8c2f5cb92fae/numpy-2.4.3-cp314-cp314-manylinux_2_27_aarch64.manylinux_2_28_aarch64.whl", hash = "sha256:54f29b877279d51e210e0c80709ee14ccbbad647810e8f3d375561c45ef613dd", size = 15680676, upload-time = "2026-03-09T07:57:52.34Z" },
    { url = "https://files.pythonhosted.org/packages/a9/7e/4f120ecc54ba26ddf3dc348eeb9eb063f421de65c05fc961941798feea18/numpy-2.4.3-cp314-cp314-manylinux_2_27_x86_64.manylinux_2_28_x86_64.whl", hash = "sha256:679f2a834bae9020f81534671c56fd0cc76dd7e5182f57131478e23d0dc59e24", size = 16613492, upload-time = "2026-03-09T07:57:54.91Z" },
    { url = "https://files.pythonhosted.org/packages/2c/86/1b6020db73be330c4b45d5c6ee4295d59cfeef0e3ea323959d053e5a6909/numpy-2.4.3-cp314-cp314-musllinux_1_2_aarch64.whl", hash = "sha256:d84f0f881cb2225c2dfd7f78a10a5645d487a496c6668d6cc39f0f114164f3d0", size = 17031789, upload-time = "2026-03-09T07:57:57.641Z" },
    { url = "https://files.pythonhosted.org/packages/07/3a/3b90463bf41ebc21d1b7e06079f03070334374208c0f9a1f05e4ae8455e7/numpy-2.4.3-cp314-cp314-musllinux_1_2_x86_64.whl", hash = "sha256:d213c7e6e8d211888cc359bab7199670a00f5b82c0978b9d1c75baf1eddbeac0", size = 18339941, upload-time = "2026-03-09T07:58:00.577Z" },
    { url = "https://files.pythonhosted.org/packages/a8/74/6d736c4cd962259fd8bae9be27363eb4883a2f9069763747347544c2a487/numpy-2.4.3-cp314-cp314-win32.whl", hash = "sha256:52077feedeff7c76ed7c9f1a0428558e50825347b7545bbb8523da2cd55c547a", size = 6007503, upload-time = "2026-03-09T07:58:03.331Z" },
    { url = "https://files.pythonhosted.org/packages/48/39/c56ef87af669364356bb011922ef0734fc49dad51964568634c72a009488/numpy-2.4.3-cp314-cp314-win_amd64.whl", hash = "sha256:0448e7f9caefb34b4b7dd2b77f21e8906e5d6f0365ad525f9f4f530b13df2afc", size = 12444915, upload-time = "2026-03-09T07:58:06.353Z" },
    { url = "https://files.pythonhosted.org/packages/9d/1f/ab8528e38d295fd349310807496fabb7cf9fe2e1f70b97bc20a483ea9d4a/numpy-2.4.3-cp314-cp314-win_arm64.whl", hash = "sha256:b44fd60341c4d9783039598efadd03617fa28d041fc37d22b62d08f2027fa0e7", size = 10494875, upload-time = "2026-03-09T07:58:08.734Z" },
    { url = "https://files.pythonhosted.org/packages/e6/ef/b7c35e4d5ef141b836658ab21a66d1a573e15b335b1d111d31f26c8ef80f/numpy-2.4.3-cp314-cp314t-macosx_11_0_arm64.whl", hash = "sha256:0a195f4216be9305a73c0e91c9b026a35f2161237cf1c6de9b681637772ea657", size = 14822225, upload-time = "2026-03-09T07:58:11.034Z" },
    { url = "https://files.pythonhosted.org/packages/cd/8d/7730fa9278cf6648639946cc816e7cc89f0d891602584697923375f801ed/numpy-2.4.3-cp314-cp314t-macosx_14_0_arm64.whl", hash = "sha256:cd32fbacb9fd1bf041bf8e89e4576b6f00b895f06d00914820ae06a616bdfef7", size = 5328769, upload-time = "2026-03-09T07:58:13.67Z" },
    { url = "https://files.pythonhosted.org/packages/47/01/d2a137317c958b074d338807c1b6a383406cdf8b8e53b075d804cc3d211d/numpy-2.4.3-cp314-cp314t-macosx_14_0_x86_64.whl", hash = "sha256:2e03c05abaee1f672e9d67bc858f300b5ccba1c21397211e8d77d98350972093", size = 6649461, upload-time = "2026-03-09T07:58:15.912Z" },
    { url = "https://files.pythonhosted.org/packages/5c/34/812ce12bc0f00272a4b0ec0d713cd237cb390666eb6206323d1cc9cedbb2/numpy-2.4.3-cp314-cp314t-manylinux_2_27_aarch64.manylinux_2_28_aarch64.whl", hash = "sha256:7d1ce23cce91fcea443320a9d0ece9b9305d4368875bab09538f7a5b4131938a", size = 15725809, upload-time = "2026-03-09T07:58:17.787Z" },
    { url = "https://files.pythonhosted.org/packages/25/c0/2aed473a4823e905e765fee3dc2cbf504bd3e68ccb1150fbdabd5c39f527/numpy-2.4.3-cp314-cp314t-manylinux_2_27_x86_64.manylinux_2_28_x86_64.whl", hash = "sha256:c59020932feb24ed49ffd03704fbab89f22aa9c0d4b180ff45542fe8918f5611", size = 16655242, upload-time = "2026-03-09T07:58:20.476Z" },
    { url = "https://files.pythonhosted.org/packages/f2/c8/7e052b2fc87aa0e86de23f20e2c42bd261c624748aa8efd2c78f7bb8d8c6/numpy-2.4.3-cp314-cp314t-musllinux_1_2_aarch64.whl", hash = "sha256:9684823a78a6cd6ad7511fc5e25b07947d1d5b5e2812c93fe99d7d4195130720", size = 17080660, upload-time = "2026-03-09T07:58:23.067Z" },
    { url = "https://files.pythonhosted.org/packages/f3/3d/0876746044db2adcb11549f214d104f2e1be00f07a67edbb4e2812094847/numpy-2.4.3-cp314-cp314t-musllinux_1_2_x86_64.whl", hash = "sha256:0200b25c687033316fb39f0ff4e3e690e8957a2c3c8d22499891ec58c37a3eb5", size = 18380384, upload-time = "2026-03-09T07:58:25.839Z" },
    { url = "https://files.pythonhosted.org/packages/07/12/8160bea39da3335737b10308df4f484235fd297f556745f13092aa039d3b/numpy-2.4.3-cp314-cp314t-win32.whl", hash = "sha256:5e10da9e93247e554bb1d22f8edc51847ddd7dde52d85ce31024c1b4312bfba0", size = 6154547, upload-time = "2026-03-09T07:58:28.289Z" },
    { url = "https://files.pythonhosted.org/packages/42/f3/76534f61f80d74cc9cdf2e570d3d4eeb92c2280a27c39b0aaf471eda7b48/numpy-2.4.3-cp314-cp314t-win_amd64.whl", hash = "sha256:45f003dbdffb997a03da2d1d0cb41fbd24a87507fb41605c0420a3db5bd4667b", size = 12633645, upload-time = "2026-03-09T07:58:30.384Z" },
    { url = "https://files.pythonhosted.org/packages/1f/b6/7c0d4334c15983cec7f92a69e8ce9b1e6f31857e5ee3a413ac424e6bd63d/numpy-2.4.3-cp314-cp314t-win_arm64.whl", hash = "sha256:4d382735cecd7bcf090172489a525cd7d4087bc331f7df9f60ddc9a296cf208e", size = 10565454, upload-time = "2026-03-09T07:58:33.031Z" },
]

[[package]]
name = "packaging"
version = "26.0"
source = { registry = "https://pypi.org/simple" }
sdist = { url = "https://files.pythonhosted.org/packages/65/ee/299d360cdc32edc7d2cf530f3accf79c4fca01e96ffc950d8a52213bd8e4/packaging-26.0.tar.gz", hash = "sha256:00243ae351a257117b6a241061796684b084ed1c516a08c48a3f7e147a9d80b4", size = 143416, upload-time = "2026-01-21T20:50:39.064Z" }
wheels = [
    { url = "https://files.pythonhosted.org/packages/b7/b9/c538f279a4e237a006a2c98387d081e9eb060d203d8ed34467cc0f0b9b53/packaging-26.0-py3-none-any.whl", hash = "sha256:b36f1fef9334a5588b4166f8bcd26a14e521f2b55e6b9de3aaa80d3ff7a37529", size = 74366, upload-time = "2026-01-21T20:50:37.788Z" },
]

[[package]]
name = "pluggy"
version = "1.6.0"
source = { registry = "https://pypi.org/simple" }
sdist = { url = "https://files.pythonhosted.org/packages/f9/e2/3e91f31a7d2b083fe6ef3fa267035b518369d9511ffab804f839851d2779/pluggy-1.6.0.tar.gz", hash = "sha256:7dcc130b76258d33b90f61b658791dede3486c3e6bfb003ee5c9bfb396dd22f3", size = 69412, upload-time = "2025-05-15T12:30:07.975Z" }
wheels = [
    { url = "https://files.pythonhosted.org/packages/54/20/4d324d65cc6d9205fabedc306948156824eb9f0ee1633355a8f7ec5c66bf/pluggy-1.6.0-py3-none-any.whl", hash = "sha256:e920276dd6813095e9377c0bc5566d94c932c33b27a3e3945d8389c374dd4746", size = 20538, upload-time = "2025-05-15T12:30:06.134Z" },
]

[[package]]
name = "pygments"
version = "2.19.2"
source = { registry = "https://pypi.org/simple" }
sdist = { url = "https://files.pythonhosted.org/packages/b0/77/a5b8c569bf593b0140bde72ea885a803b82086995367bf2037de0159d924/pygments-2.19.2.tar.gz", hash = "sha256:636cb2477cec7f8952536970bc533bc43743542f70392ae026374600add5b887", size = 4968631, upload-time = "2025-06-21T13:39:12.283Z" }
wheels = [
    { url = "https://files.pythonhosted.org/packages/c7/21/705964c7812476f378728bdf590ca4b771ec72385c533964653c68e86bdc/pygments-2.19.2-py3-none-any.whl", hash = "sha256:86540386c03d588bb81d44bc3928634ff26449851e99741617ecb9037ee5ec0b", size = 1225217, upload-time = "2025-06-21T13:39:07.939Z" },
]

[[package]]
name = "pyjwt"
version = "2.11.0"
source = { registry = "https://pypi.org/simple" }
sdist = { url = "https://files.pythonhosted.org/packages/5c/5a/b46fa56bf322901eee5b0454a34343cdbdae202cd421775a8ee4e42fd519/pyjwt-2.11.0.tar.gz", hash = "sha256:35f95c1f0fbe5d5ba6e43f00271c275f7a1a4db1dab27bf708073b75318ea623", size = 98019, upload-time = "2026-01-30T19:59:55.694Z" }
wheels = [
    { url = "https://files.pythonhosted.org/packages/6f/01/c26ce75ba460d5cd503da9e13b21a33804d38c2165dec7b716d06b13010c/pyjwt-2.11.0-py3-none-any.whl", hash = "sha256:94a6bde30eb5c8e04fee991062b534071fd1439ef58d2adc9ccb823e7bcd0469", size = 28224, upload-time = "2026-01-30T19:59:54.539Z" },
]

[[package]]
name = "pytest"
version = "9.0.2"
source = { registry = "https://pypi.org/simple" }
dependencies = [
    { name = "colorama", marker = "sys_platform == 'win32'" },
    { name = "iniconfig" },
    { name = "packaging" },
    { name = "pluggy" },
    { name = "pygments" },
]
sdist = { url = "https://files.pythonhosted.org/packages/d1/db/7ef3487e0fb0049ddb5ce41d3a49c235bf9ad299b6a25d5780a89f19230f/pytest-9.0.2.tar.gz", hash = "sha256:75186651a92bd89611d1d9fc20f0b4345fd827c41ccd5c299a868a05d70edf11", size = 1568901, upload-time = "2025-12-06T21:30:51.014Z" }
wheels = [
    { url = "https://files.pythonhosted.org/packages/3b/ab/b3226f0bd7cdcf710fbede2b3548584366da3b19b5021e74f5bde2a8fa3f/pytest-9.0.2-py3-none-any.whl", hash = "sha256:711ffd45bf766d5264d487b917733b453d917afd2b0ad65223959f59089f875b", size = 374801, upload-time = "2025-12-06T21:30:49.154Z" },
]

[[package]]
name = "pytest-repeat"
version = "0.9.4"
source = { registry = "https://pypi.org/simple" }
dependencies = [
    { name = "pytest" },
]
sdist = { url = "https://files.pythonhosted.org/packages/80/d4/69e9dbb9b8266df0b157c72be32083403c412990af15c7c15f7a3fd1b142/pytest_repeat-0.9.4.tar.gz", hash = "sha256:d92ac14dfaa6ffcfe6917e5d16f0c9bc82380c135b03c2a5f412d2637f224485", size = 6488, upload-time = "2025-04-07T14:59:53.077Z" }
wheels = [
    { url = "https://files.pythonhosted.org/packages/73/d4/8b706b81b07b43081bd68a2c0359fe895b74bf664b20aca8005d2bb3be71/pytest_repeat-0.9.4-py3-none-any.whl", hash = "sha256:c1738b4e412a6f3b3b9e0b8b29fcd7a423e50f87381ad9307ef6f5a8601139f3", size = 4180, upload-time = "2025-04-07T14:59:51.492Z" },
]

[[package]]
name = "pytest-xdist"
version = "3.8.0"
source = { registry = "https://pypi.org/simple" }
dependencies = [
    { name = "execnet" },
    { name = "pytest" },
]
sdist = { url = "https://files.pythonhosted.org/packages/78/b4/439b179d1ff526791eb921115fca8e44e596a13efeda518b9d845a619450/pytest_xdist-3.8.0.tar.gz", hash = "sha256:7e578125ec9bc6050861aa93f2d59f1d8d085595d6551c2c90b6f4fad8d3a9f1", size = 88069, upload-time = "2025-07-01T13:30:59.346Z" }
wheels = [
    { url = "https://files.pythonhosted.org/packages/ca/31/d4e37e9e550c2b92a9cbc2e4d0b7420a27224968580b5a447f420847c975/pytest_xdist-3.8.0-py3-none-any.whl", hash = "sha256:202ca578cfeb7370784a8c33d6d05bc6e13b4f25b5053c30a152269fd10f0b88", size = 46396, upload-time = "2025-07-01T13:30:56.632Z" },
]

[[package]]
name = "ruff"
version = "0.15.4"
source = { registry = "https://pypi.org/simple" }
sdist = { url = "https://files.pythonhosted.org/packages/da/31/d6e536cdebb6568ae75a7f00e4b4819ae0ad2640c3604c305a0428680b0c/ruff-0.15.4.tar.gz", hash = "sha256:3412195319e42d634470cc97aa9803d07e9d5c9223b99bcb1518f0c725f26ae1", size = 4569550, upload-time = "2026-02-26T20:04:14.959Z" }
wheels = [
    { url = "https://files.pythonhosted.org/packages/f2/82/c11a03cfec3a4d26a0ea1e571f0f44be5993b923f905eeddfc397c13d360/ruff-0.15.4-py3-none-linux_armv6l.whl", hash = "sha256:a1810931c41606c686bae8b5b9a8072adac2f611bb433c0ba476acba17a332e0", size = 10453333, upload-time = "2026-02-26T20:04:20.093Z" },
    { url = "https://files.pythonhosted.org/packages/ce/5d/6a1f271f6e31dffb31855996493641edc3eef8077b883eaf007a2f1c2976/ruff-0.15.4-py3-none-macosx_10_12_x86_64.whl", hash = "sha256:5a1632c66672b8b4d3e1d1782859e98d6e0b4e70829530666644286600a33992", size = 10853356, upload-time = "2026-02-26T20:04:05.808Z" },
    { url = "https://files.pythonhosted.org/packages/b1/d8/0fab9f8842b83b1a9c2bf81b85063f65e93fb512e60effa95b0be49bfc54/ruff-0.15.4-py3-none-macosx_11_0_arm64.whl", hash = "sha256:a4386ba2cd6c0f4ff75252845906acc7c7c8e1ac567b7bc3d373686ac8c222ba", size = 10187434, upload-time = "2026-02-26T20:03:54.656Z" },
    { url = "https://files.pythonhosted.org/packages/85/cc/cc220fd9394eff5db8d94dec199eec56dd6c9f3651d8869d024867a91030/ruff-0.15.4-py3-none-manylinux_2_17_aarch64.manylinux2014_aarch64.whl", hash = "sha256:b2496488bdfd3732747558b6f95ae427ff066d1fcd054daf75f5a50674411e75", size = 10535456, upload-time = "2026-02-26T20:03:52.738Z" },
    { url = "https://files.pythonhosted.org/packages/fa/0f/bced38fa5cf24373ec767713c8e4cadc90247f3863605fb030e597878661/ruff-0.15.4-py3-none-manylinux_2_17_armv7l.manylinux2014_armv7l.whl", hash = "sha256:3f1c4893841ff2d54cbda1b2860fa3260173df5ddd7b95d370186f8a5e66a4ac", size = 10287772, upload-time = "2026-02-26T20:04:08.138Z" },
    { url = "https://files.pythonhosted.org/packages/2b/90/58a1802d84fed15f8f281925b21ab3cecd813bde52a8ca033a4de8ab0e7a/ruff-0.15.4-py3-none-manylinux_2_17_i686.manylinux2014_i686.whl", hash = "sha256:820b8766bd65503b6c30aaa6331e8ef3a6e564f7999c844e9a547c40179e440a", size = 11049051, upload-time = "2026-02-26T20:04:03.53Z" },
    { url = "https://files.pythonhosted.org/packages/d2/ac/b7ad36703c35f3866584564dc15f12f91cb1a26a897dc2fd13d7cb3ae1af/ruff-0.15.4-py3-none-manylinux_2_17_ppc64le.manylinux2014_ppc64le.whl", hash = "sha256:c9fb74bab47139c1751f900f857fa503987253c3ef89129b24ed375e72873e85", size = 11890494, upload-time = "2026-02-26T20:04:10.497Z" },
    { url = "https://files.pythonhosted.org/packages/93/3d/3eb2f47a39a8b0da99faf9c54d3eb24720add1e886a5309d4d1be73a6380/ruff-0.15.4-py3-none-manylinux_2_17_s390x.manylinux2014_s390x.whl", hash = "sha256:f80c98765949c518142b3a50a5db89343aa90f2c2bf7799de9986498ae6176db", size = 11326221, upload-time = "2026-02-26T20:04:12.84Z" },
    { url = "https://files.pythonhosted.org/packages/ff/90/bf134f4c1e5243e62690e09d63c55df948a74084c8ac3e48a88468314da6/ruff-0.15.4-py3-none-manylinux_2_17_x86_64.manylinux2014_x86_64.whl", hash = "sha256:451a2e224151729b3b6c9ffb36aed9091b2996fe4bdbd11f47e27d8f2e8888ec", size = 11168459, upload-time = "2026-02-26T20:04:00.969Z" },
    { url = "https://files.pythonhosted.org/packages/b5/e5/a64d27688789b06b5d55162aafc32059bb8c989c61a5139a36e1368285eb/ruff-0.15.4-py3-none-manylinux_2_31_riscv64.whl", hash = "sha256:a8f157f2e583c513c4f5f896163a93198297371f34c04220daf40d133fdd4f7f", size = 11104366, upload-time = "2026-02-26T20:03:48.099Z" },
    { url = "https://files.pythonhosted.org/packages/f1/f6/32d1dcb66a2559763fc3027bdd65836cad9eb09d90f2ed6a63d8e9252b02/ruff-0.15.4-py3-none-musllinux_1_2_aarch64.whl", hash = "sha256:917cc68503357021f541e69b35361c99387cdbbf99bd0ea4aa6f28ca99ff5338", size = 10510887, upload-time = "2026-02-26T20:03:45.771Z" },
    { url = "https://files.pythonhosted.org/packages/ff/92/22d1ced50971c5b6433aed166fcef8c9343f567a94cf2b9d9089f6aa80fe/ruff-0.15.4-py3-none-musllinux_1_2_armv7l.whl", hash = "sha256:e9737c8161da79fd7cfec19f1e35620375bd8b2a50c3e77fa3d2c16f574105cc", size = 10285939, upload-time = "2026-02-26T20:04:22.42Z" },
    { url = "https://files.pythonhosted.org/packages/e6/f4/7c20aec3143837641a02509a4668fb146a642fd1211846634edc17eb5563/ruff-0.15.4-py3-none-musllinux_1_2_i686.whl", hash = "sha256:291258c917539e18f6ba40482fe31d6f5ac023994ee11d7bdafd716f2aab8a68", size = 10765471, upload-time = "2026-02-26T20:03:58.924Z" },
    { url = "https://files.pythonhosted.org/packages/d0/09/6d2f7586f09a16120aebdff8f64d962d7c4348313c77ebb29c566cefc357/ruff-0.15.4-py3-none-musllinux_1_2_x86_64.whl", hash = "sha256:3f83c45911da6f2cd5936c436cf86b9f09f09165f033a99dcf7477e34041cbc3", size = 11263382, upload-time = "2026-02-26T20:04:24.424Z" },
    { url = "https://files.pythonhosted.org/packages/1b/fa/2ef715a1cd329ef47c1a050e10dee91a9054b7ce2fcfdd6a06d139afb7ec/ruff-0.15.4-py3-none-win32.whl", hash = "sha256:65594a2d557d4ee9f02834fcdf0a28daa8b3b9f6cb2cb93846025a36db47ef22", size = 10506664, upload-time = "2026-02-26T20:03:50.56Z" },
    { url = "https://files.pythonhosted.org/packages/d0/a8/c688ef7e29983976820d18710f955751d9f4d4eb69df658af3d006e2ba3e/ruff-0.15.4-py3-none-win_amd64.whl", hash = "sha256:04196ad44f0df220c2ece5b0e959c2f37c777375ec744397d21d15b50a75264f", size = 11651048, upload-time = "2026-02-26T20:04:17.191Z" },
    { url = "https://files.pythonhosted.org/packages/3e/0a/9e1be9035b37448ce2e68c978f0591da94389ade5a5abafa4cf99985d1b2/ruff-0.15.4-py3-none-win_arm64.whl", hash = "sha256:60d5177e8cfc70e51b9c5fad936c634872a74209f934c1e79107d11787ad5453", size = 10966776, upload-time = "2026-02-26T20:03:56.908Z" },
]

[[package]]
name = "sora-sdk"
source = { editable = "." }

[package.dev-dependencies]
dev = [
    { name = "httpx" },
    { name = "nanobind" },
    { name = "numpy" },
    { name = "pyjwt" },
    { name = "pytest" },
    { name = "pytest-repeat" },
    { name = "pytest-xdist" },
    { name = "ruff" },
    { name = "ty" },
]
lint = [
    { name = "ruff" },
    { name = "ty" },
]
test = [
    { name = "httpx" },
    { name = "numpy" },
    { name = "pyjwt" },
    { name = "pytest" },
    { name = "pytest-repeat" },
    { name = "pytest-xdist" },
]

[package.metadata]

[package.metadata.requires-dev]
dev = [
    { name = "httpx" },
    { name = "nanobind", specifier = "==2.11.0" },
    { name = "numpy" },
    { name = "pyjwt" },
    { name = "pytest" },
    { name = "pytest-repeat" },
    { name = "pytest-xdist" },
    { name = "ruff" },
    { name = "ty" },
]
lint = [
    { name = "ruff" },
    { name = "ty" },
]
test = [
    { name = "httpx" },
    { name = "numpy" },
    { name = "pyjwt" },
    { name = "pytest" },
    { name = "pytest-repeat" },
    { name = "pytest-xdist" },
]

[[package]]
name = "ty"
version = "0.0.19"
source = { registry = "https://pypi.org/simple" }
sdist = { url = "https://files.pythonhosted.org/packages/84/5e/da108b9eeb392e02ff0478a34e9651490b36af295881cb56575b83f0cc3a/ty-0.0.19.tar.gz", hash = "sha256:ee3d9ed4cb586e77f6efe3d0fe5a855673ca438a3d533a27598e1d3502a2948a", size = 5220026, upload-time = "2026-02-26T12:13:15.215Z" }
wheels = [
    { url = "https://files.pythonhosted.org/packages/5a/31/fd8c6067abb275bea11523d21ecf64e1d870b1ce80cac529cf6636df1471/ty-0.0.19-py3-none-linux_armv6l.whl", hash = "sha256:29bed05d34c8a7597567b8e327c53c1aed4a07dcfbe6c81e6d60c7444936ad77", size = 10268470, upload-time = "2026-02-26T12:13:42.881Z" },
    { url = "https://files.pythonhosted.org/packages/15/de/16a11bbf7d98c75849fc41f5d008b89bb5d080a4b10dc8ea851ee2bd371b/ty-0.0.19-py3-none-macosx_10_12_x86_64.whl", hash = "sha256:79140870c688c97ec68e723c28935ddef9d91a76d48c68e665fe7c851e628b8a", size = 10098562, upload-time = "2026-02-26T12:13:31.618Z" },
    { url = "https://files.pythonhosted.org/packages/e7/4f/086d6ff6686eadf903913c45b53ab96694b62bbfee1d8cf3e55a9b5aa4b2/ty-0.0.19-py3-none-macosx_11_0_arm64.whl", hash = "sha256:6e9c1f9cfa6a26f7881d14d75cf963af743f6c4189e6aa3e3b4056a65f22e730", size = 9604073, upload-time = "2026-02-26T12:13:24.645Z" },
    { url = "https://files.pythonhosted.org/packages/95/13/888a6b6c7ed4a880fee91bec997f775153ce86215ee4c56b868516314734/ty-0.0.19-py3-none-manylinux_2_17_aarch64.manylinux2014_aarch64.whl", hash = "sha256:bbca43b050edf1db2e64ae7b79add233c2aea2855b8a876081bbd032edcd0610", size = 10106295, upload-time = "2026-02-26T12:13:40.584Z" },
    { url = "https://files.pythonhosted.org/packages/cb/e8/05a372cae8da482de73b8246fb43236bf11e24ac28c879804568108759db/ty-0.0.19-py3-none-manylinux_2_17_armv7l.manylinux2014_armv7l.whl", hash = "sha256:8acaa88ab1955ca6b15a0ccc274011c4961377fe65c3948e5d2b212f2517b87c", size = 10098234, upload-time = "2026-02-26T12:13:33.725Z" },
    { url = "https://files.pythonhosted.org/packages/c5/f1/5b0958e9e9576e7662192fe689bbb3dc88e631a4e073db3047793a547d58/ty-0.0.19-py3-none-manylinux_2_17_i686.manylinux2014_i686.whl", hash = "sha256:4a901b6a6dd9d17d5b3b2e7bafc3057294e88da3f5de507347316687d7f191a1", size = 10607218, upload-time = "2026-02-26T12:13:17.576Z" },
    { url = "https://files.pythonhosted.org/packages/fb/ab/358c78b77844f58ff5aca368550ab16c719f1ab0ec892ceb1114d7500f4e/ty-0.0.19-py3-none-manylinux_2_17_ppc64le.manylinux2014_ppc64le.whl", hash = "sha256:8deafdaaaee65fd121c66064da74a922d8501be4a2d50049c71eab521a23eff7", size = 11160593, upload-time = "2026-02-26T12:13:36.008Z" },
    { url = "https://files.pythonhosted.org/packages/95/59/827fc346d66a59fe48e9689a5ceb67dbbd5b4de2e8d4625371af39a2e8b7/ty-0.0.19-py3-none-manylinux_2_17_s390x.manylinux2014_s390x.whl", hash = "sha256:035e56071af280897441018f74f921b97d53aec0856f8af85f4f949df8eda07d", size = 10822392, upload-time = "2026-02-26T12:13:29.415Z" },
    { url = "https://files.pythonhosted.org/packages/81/f9/3bbfbbe35478de9bcd63848f4bc9bffda72278dd9732dbad3efc3978432e/ty-0.0.19-py3-none-manylinux_2_17_x86_64.manylinux2014_x86_64.whl", hash = "sha256:abdf5885130393ce74501dba792f48ce0a515756ec81c33a4b324bdf3509df6e", size = 10707139, upload-time = "2026-02-26T12:13:20.148Z" },
    { url = "https://files.pythonhosted.org/packages/12/9e/597023b183ec4ade83a36a0cea5c103f3bffa34f70813d46386c61447fb8/ty-0.0.19-py3-none-musllinux_1_2_aarch64.whl", hash = "sha256:877e89005c8f9d1dbff5ad14cbac9f35c528406fde38926f9b44f24830de8d6a", size = 10096933, upload-time = "2026-02-26T12:13:45.266Z" },
    { url = "https://files.pythonhosted.org/packages/1e/76/d0d2f6e674db2a17c8efa5e26682b9dfa8d34774705f35902a7b45ebd3bd/ty-0.0.19-py3-none-musllinux_1_2_armv7l.whl", hash = "sha256:39bd1da051c1e4d316efaf79dbed313255633f7c6ad6e24d29f4d9c6ffaf4de6", size = 10109547, upload-time = "2026-02-26T12:13:22.17Z" },
    { url = "https://files.pythonhosted.org/packages/a4/b0/76026c06b852a3aa4fdb5bd329fdc2175aaf3c64a3fafece9cc4df167cee/ty-0.0.19-py3-none-musllinux_1_2_i686.whl", hash = "sha256:87df8415a6c9cb27b8f1382fcdc6052e59f5b9f50f78bc14663197eb5c8d3699", size = 10289110, upload-time = "2026-02-26T12:13:38.29Z" },
    { url = "https://files.pythonhosted.org/packages/14/6c/f3b3a189816b4f079b20fe5d0d7ee38e38a472f53cc6770bb6571147e3de/ty-0.0.19-py3-none-musllinux_1_2_x86_64.whl", hash = "sha256:89b6bb23c332ed5c38dd859eb5793f887abcc936f681a40d4ea68e35eac1af33", size = 10796479, upload-time = "2026-02-26T12:13:10.992Z" },
    { url = "https://files.pythonhosted.org/packages/3d/18/caee33d1ce9dd50bd94c26cde7cda4f6971e22e474e7d72a5c86d745ad58/ty-0.0.19-py3-none-win32.whl", hash = "sha256:19b33df3aa7af7b1a9eaa4e1175c3b4dec0f5f2e140243e3492c8355c37418f3", size = 9677215, upload-time = "2026-02-26T12:13:08.519Z" },
    { url = "https://files.pythonhosted.org/packages/81/41/18fc0771d0b1da7d7cc2fc9af278d3122b754fe8b521a748734f4e16ecfd/ty-0.0.19-py3-none-win_amd64.whl", hash = "sha256:b9052c61464cdd76bc8e6796f2588c08700f25d0dcbc225bb165e390ea9d96a4", size = 10651252, upload-time = "2026-02-26T12:13:13.035Z" },
    { url = "https://files.pythonhosted.org/packages/8b/8c/26f7ce8863eb54510082747b3dfb1046ba24f16fc11de18c0e5feb36ff18/ty-0.0.19-py3-none-win_arm64.whl", hash = "sha256:9329804b66dcbae8e7af916ef4963221ed53b8ec7d09b0793591c5ae8a0f3270", size = 10093195, upload-time = "2026-02-26T12:13:26.816Z" },
]

[[package]]
name = "typing-extensions"
version = "4.15.0"
source = { registry = "https://pypi.org/simple" }
sdist = { url = "https://files.pythonhosted.org/packages/72/94/1a15dd82efb362ac84269196e94cf00f187f7ed21c242792a923cdb1c61f/typing_extensions-4.15.0.tar.gz", hash = "sha256:0cea48d173cc12fa28ecabc3b837ea3cf6f38c6d1136f85cbaaf598984861466", size = 109391, upload-time = "2025-08-25T13:49:26.313Z" }
wheels = [
    { url = "https://files.pythonhosted.org/packages/18/67/36e9267722cc04a6b9f15c7f3441c2363321a3ea07da7ae0c0707beb2a9c/typing_extensions-4.15.0-py3-none-any.whl", hash = "sha256:f0fa19c6845758ab08074a0cfa8b7aecb71c999ca73d62883bc25cc018c4e548", size = 44614, upload-time = "2025-08-25T13:49:24.86Z" },
]
