# generated by rye
# use `rye lock` or `rye sync` to update this lockfile
#
# last locked with the following flags:
#   pre: true
#   features: []
#   all-features: false
#   with-sources: false
#   generate-hashes: false
#   universal: false

-e file:.
absl-py==2.1.0
    # via mediapipe
attrs==24.2.0
    # via mediapipe
cffi==1.17.0
    # via sounddevice
contourpy==1.2.1
    # via matplotlib
cycler==0.12.1
    # via matplotlib
flatbuffers==24.3.25
    # via mediapipe
fonttools==4.53.1
    # via matplotlib
jax==0.4.31
    # via mediapipe
jaxlib==0.4.31
    # via jax
    # via mediapipe
kiwisolver==1.4.5
    # via matplotlib
matplotlib==3.9.2
    # via mediapipe
mediapipe==0.10.14
    # via sora-sdk-samples
ml-dtypes==0.4.0
    # via jax
    # via jaxlib
mypy==1.11.1
mypy-extensions==1.0.0
    # via mypy
numpy==2.0.1
    # via contourpy
    # via jax
    # via jaxlib
    # via matplotlib
    # via mediapipe
    # via ml-dtypes
    # via opencv-contrib-python
    # via opencv-python
    # via opencv-python-headless
    # via opt-einsum
    # via scipy
opencv-contrib-python==4.10.0.84
    # via mediapipe
opencv-python==4.10.0.84
    # via sora-sdk-samples
opencv-python-headless==4.10.0.84
    # via sora-sdk-samples
opt-einsum==3.3.0
    # via jax
packaging==24.1
    # via matplotlib
pillow==10.4.0
    # via matplotlib
protobuf==4.25.4
    # via mediapipe
pycparser==2.22
    # via cffi
pyparsing==3.1.2
    # via matplotlib
python-dateutil==2.9.0.post0
    # via matplotlib
python-dotenv==1.0.1
    # via sora-sdk-samples
ruff==0.5.7
scipy==1.14.0
    # via jax
    # via jaxlib
six==1.16.0
    # via python-dateutil
sora-sdk==2024.3.0
    # via sora-sdk-samples
sounddevice==0.4.7
    # via mediapipe
    # via sora-sdk-samples
tomli==2.0.1
    # via mypy
typing-extensions==4.12.2
    # via mypy
