# generated by rye
# use `rye lock` or `rye sync` to update this lockfile
#
# last locked with the following flags:
#   pre: false
#   features: []
#   all-features: false
#   with-sources: false
#   generate-hashes: false

-e file:.
absl-py==1.4.0
    # via mediapipe
attrs==23.1.0
    # via mediapipe
cffi==1.15.1
    # via sounddevice
contourpy==1.1.0
    # via matplotlib
cycler==0.11.0
    # via matplotlib
flatbuffers==23.5.26
    # via mediapipe
fonttools==4.40.0
    # via matplotlib
importlib-resources==5.12.0
    # via matplotlib
kiwisolver==1.4.4
    # via matplotlib
matplotlib==3.7.2
    # via mediapipe
mediapipe==0.10.1
    # via sora-sdk-samples
mypy==1.8.0
mypy-extensions==1.0.0
    # via mypy
numpy==1.24.4
    # via contourpy
    # via matplotlib
    # via mediapipe
    # via opencv-contrib-python
    # via opencv-python
    # via opencv-python-headless
opencv-contrib-python==4.8.0.74
    # via mediapipe
opencv-python==4.9.0.80
    # via sora-sdk-samples
opencv-python-headless==4.9.0.80
    # via sora-sdk-samples
packaging==23.1
    # via matplotlib
pillow==10.0.0
    # via matplotlib
protobuf==3.20.3
    # via mediapipe
pycparser==2.21
    # via cffi
pyparsing==3.0.9
    # via matplotlib
python-dateutil==2.8.2
    # via matplotlib
python-dotenv==1.0.1
    # via sora-sdk-samples
ruff==0.3.0
six==1.16.0
    # via python-dateutil
sora-sdk==2024.3.0.dev3
    # via sora-sdk-samples
sounddevice==0.4.6
    # via mediapipe
    # via sora-sdk-samples
tomli==2.0.1
    # via mypy
typing-extensions==4.10.0
    # via mypy
zipp==3.17.0
    # via importlib-resources
